
Microsoft Visual Studio Solution File, Format Version 12.00
# Visual Studio 15
VisualStudioVersion = 15.0.27428.2043
MinimumVisualStudioVersion = 10.0.40219.1
Project("{FAE04EC0-301F-11D3-BF4B-00C04F79EFBC}") = "Twilio-Testing-Api", "Twilio-Testing-Api\Twilio-Testing-Api.csproj", "{C5011827-0740-4325-B571-D669E2E692DA}"
EndProject
Project("{FAE04EC0-301F-11D3-BF4B-00C04F79EFBC}") = "Twilio-Testing-Web", "Twilio-Testing-Web\Twilio-Testing-Web.csproj", "{513C6AB4-68FB-4AAE-9152-CB32F409100C}"
EndProject
Global
	GlobalSection(SolutionConfigurationPlatforms) = preSolution
		Debug|Any CPU = Debug|Any CPU
		Release|Any CPU = Release|Any CPU
	EndGlobalSection
	GlobalSection(ProjectConfigurationPlatforms) = postSolution
		{C5011827-0740-4325-B571-D669E2E692DA}.Debug|Any CPU.ActiveCfg = Debug|Any CPU
		{C5011827-0740-4325-B571-D669E2E692DA}.Debug|Any CPU.Build.0 = Debug|Any CPU
		{C5011827-0740-4325-B571-D669E2E692DA}.Release|Any CPU.ActiveCfg = Release|Any CPU
		{C5011827-0740-4325-B571-D669E2E692DA}.Release|Any CPU.Build.0 = Release|Any CPU
		{513C6AB4-68FB-4AAE-9152-CB32F409100C}.Debug|Any CPU.ActiveCfg = Debug|Any CPU
		{513C6AB4-68FB-4AAE-9152-CB32F409100C}.Debug|Any CPU.Build.0 = Debug|Any CPU
		{513C6AB4-68FB-4AAE-9152-CB32F409100C}.Release|Any CPU.ActiveCfg = Release|Any CPU
		{513C6AB4-68FB-4AAE-9152-CB32F409100C}.Release|Any CPU.Build.0 = Release|Any CPU
	EndGlobalSection
	GlobalSection(SolutionProperties) = preSolution
		HideSolutionNode = FALSE
	EndGlobalSection
	GlobalSection(ExtensibilityGlobals) = postSolution
		SolutionGuid = {C91349AB-AF44-4524-B8B9-7EA81E88EAC0}
	EndGlobalSection
EndGlobal
